
Microsoft Visual Studio Solution File, Format Version 12.00
Project("{FAE04EC0-301F-11D3-BF4B-00C04F79EFBC}") = "MorningPractice24.02", "MorningPractice24.02\MorningPractice24.02.csproj", "{AD711EA6-5022-4E80-B42F-0408DDDA5917}"
EndProject
Global
	GlobalSection(SolutionConfigurationPlatforms) = preSolution
		Debug|Any CPU = Debug|Any CPU
		Release|Any CPU = Release|Any CPU
	EndGlobalSection
	GlobalSection(ProjectConfigurationPlatforms) = postSolution
		{AD711EA6-5022-4E80-B42F-0408DDDA5917}.Debug|Any CPU.ActiveCfg = Debug|Any CPU
		{AD711EA6-5022-4E80-B42F-0408DDDA5917}.Debug|Any CPU.Build.0 = Debug|Any CPU
		{AD711EA6-5022-4E80-B42F-0408DDDA5917}.Release|Any CPU.ActiveCfg = Release|Any CPU
		{AD711EA6-5022-4E80-B42F-0408DDDA5917}.Release|Any CPU.Build.0 = Release|Any CPU
	EndGlobalSection
EndGlobal
